
Microsoft Visual Studio Solution File, Format Version 12.00
# Visual Studio Version 16
VisualStudioVersion = 25.0.1700.7
MinimumVisualStudioVersion = 10.0.40219.1
Project("{FAE04EC0-301F-11D3-BF4B-00C04F79EFBC}") = "VoicevoxAPI", "VoicevoxAPI\VoicevoxAPI.csproj", "{4916A236-3FE5-4670-9A42-BDE5EE24AB8B}"
EndProject
Global
	GlobalSection(SolutionConfigurationPlatforms) = preSolution
		Debug|Any CPU = Debug|Any CPU
		Release|Any CPU = Release|Any CPU
	EndGlobalSection
	GlobalSection(ProjectConfigurationPlatforms) = postSolution
		{4916A236-3FE5-4670-9A42-BDE5EE24AB8B}.Debug|Any CPU.ActiveCfg = Debug|Any CPU
		{4916A236-3FE5-4670-9A42-BDE5EE24AB8B}.Debug|Any CPU.Build.0 = Debug|Any CPU
		{4916A236-3FE5-4670-9A42-BDE5EE24AB8B}.Release|Any CPU.ActiveCfg = Release|Any CPU
		{4916A236-3FE5-4670-9A42-BDE5EE24AB8B}.Release|Any CPU.Build.0 = Release|Any CPU
	EndGlobalSection
	GlobalSection(SolutionProperties) = preSolution
		HideSolutionNode = FALSE
	EndGlobalSection
	GlobalSection(ExtensibilityGlobals) = postSolution
		SolutionGuid = {F397ABB9-7EF4-4C53-8BF3-772D1B05409E}
	EndGlobalSection
EndGlobal
